
Microsoft Visual Studio Solution File, Format Version 12.00
# Visual Studio 16
Project("{FAE04EC0-301F-11D3-BF4B-00C04F79EFBC}") = "Assembly-CSharp", "Assembly-CSharp.csproj", "{EB290C8D-CC30-4D16-5AF8-16C141AFD144}"
EndProject
Project("{FAE04EC0-301F-11D3-BF4B-00C04F79EFBC}") = "Assembly-CSharp-firstpass", "Assembly-CSharp-firstpass.csproj", "{357BAF05-58E4-AB7D-E0D0-0BB644B6C95D}"
EndProject
Global
	GlobalSection(SolutionConfigurationPlatforms) = preSolution
		Debug|Any CPU = Debug|Any CPU
		Release|Any CPU = Release|Any CPU
	EndGlobalSection
	GlobalSection(ProjectConfigurationPlatforms) = postSolution
		{EB290C8D-CC30-4D16-5AF8-16C141AFD144}.Debug|Any CPU.ActiveCfg = Debug|Any CPU
		{EB290C8D-CC30-4D16-5AF8-16C141AFD144}.Debug|Any CPU.Build.0 = Debug|Any CPU
		{EB290C8D-CC30-4D16-5AF8-16C141AFD144}.Release|Any CPU.ActiveCfg = Release|Any CPU
		{EB290C8D-CC30-4D16-5AF8-16C141AFD144}.Release|Any CPU.Build.0 = Release|Any CPU
		{357BAF05-58E4-AB7D-E0D0-0BB644B6C95D}.Debug|Any CPU.ActiveCfg = Debug|Any CPU
		{357BAF05-58E4-AB7D-E0D0-0BB644B6C95D}.Debug|Any CPU.Build.0 = Debug|Any CPU
		{357BAF05-58E4-AB7D-E0D0-0BB644B6C95D}.Release|Any CPU.ActiveCfg = Release|Any CPU
		{357BAF05-58E4-AB7D-E0D0-0BB644B6C95D}.Release|Any CPU.Build.0 = Release|Any CPU
	EndGlobalSection
	GlobalSection(SolutionProperties) = preSolution
		HideSolutionNode = FALSE
	EndGlobalSection
EndGlobal
