
Microsoft Visual Studio Solution File, Format Version 12.00
# Visual Studio 16
Project("{FAE04EC0-301F-11D3-BF4B-00C04F79EFBC}") = "Assembly-CSharp-firstpass", "Assembly-CSharp-firstpass.csproj", "{89D2D62C-FA39-D185-C4D0-8FD5B5C30C1C}"
EndProject
Project("{FAE04EC0-301F-11D3-BF4B-00C04F79EFBC}") = "Assembly-CSharp", "Assembly-CSharp.csproj", "{87C0E343-E8CB-26EC-5A3D-222ED4CB3AB5}"
EndProject
Global
	GlobalSection(SolutionConfigurationPlatforms) = preSolution
		Debug|Any CPU = Debug|Any CPU
		Release|Any CPU = Release|Any CPU
	EndGlobalSection
	GlobalSection(ProjectConfigurationPlatforms) = postSolution
		{89D2D62C-FA39-D185-C4D0-8FD5B5C30C1C}.Debug|Any CPU.ActiveCfg = Debug|Any CPU
		{89D2D62C-FA39-D185-C4D0-8FD5B5C30C1C}.Debug|Any CPU.Build.0 = Debug|Any CPU
		{89D2D62C-FA39-D185-C4D0-8FD5B5C30C1C}.Release|Any CPU.ActiveCfg = Release|Any CPU
		{89D2D62C-FA39-D185-C4D0-8FD5B5C30C1C}.Release|Any CPU.Build.0 = Release|Any CPU
		{87C0E343-E8CB-26EC-5A3D-222ED4CB3AB5}.Debug|Any CPU.ActiveCfg = Debug|Any CPU
		{87C0E343-E8CB-26EC-5A3D-222ED4CB3AB5}.Debug|Any CPU.Build.0 = Debug|Any CPU
		{87C0E343-E8CB-26EC-5A3D-222ED4CB3AB5}.Release|Any CPU.ActiveCfg = Release|Any CPU
		{87C0E343-E8CB-26EC-5A3D-222ED4CB3AB5}.Release|Any CPU.Build.0 = Release|Any CPU
	EndGlobalSection
	GlobalSection(SolutionProperties) = preSolution
		HideSolutionNode = FALSE
	EndGlobalSection
EndGlobal
